
Microsoft Visual Studio Solution File, Format Version 12.00
# Visual Studio Version 17
VisualStudioVersion = 17.5.33530.505
MinimumVisualStudioVersion = 10.0.40219.1
Project("{FAE04EC0-301F-11D3-BF4B-00C04F79EFBC}") = "CafeConsole", "CafeConsole\CafeConsole.csproj", "{2957CCF8-F767-4DDA-8309-19C45FC1B22A}"
EndProject
Project("{FAE04EC0-301F-11D3-BF4B-00C04F79EFBC}") = "CafeConsole.Data", "CafeConsole.Data\CafeConsole.Data.csproj", "{03363E65-3763-4A39-B96F-A4931BF918D0}"
EndProject
Global
	GlobalSection(SolutionConfigurationPlatforms) = preSolution
		Debug|Any CPU = Debug|Any CPU
		Release|Any CPU = Release|Any CPU
	EndGlobalSection
	GlobalSection(ProjectConfigurationPlatforms) = postSolution
		{2957CCF8-F767-4DDA-8309-19C45FC1B22A}.Debug|Any CPU.ActiveCfg = Debug|Any CPU
		{2957CCF8-F767-4DDA-8309-19C45FC1B22A}.Debug|Any CPU.Build.0 = Debug|Any CPU
		{2957CCF8-F767-4DDA-8309-19C45FC1B22A}.Release|Any CPU.ActiveCfg = Release|Any CPU
		{2957CCF8-F767-4DDA-8309-19C45FC1B22A}.Release|Any CPU.Build.0 = Release|Any CPU
		{03363E65-3763-4A39-B96F-A4931BF918D0}.Debug|Any CPU.ActiveCfg = Debug|Any CPU
		{03363E65-3763-4A39-B96F-A4931BF918D0}.Debug|Any CPU.Build.0 = Debug|Any CPU
		{03363E65-3763-4A39-B96F-A4931BF918D0}.Release|Any CPU.ActiveCfg = Release|Any CPU
		{03363E65-3763-4A39-B96F-A4931BF918D0}.Release|Any CPU.Build.0 = Release|Any CPU
	EndGlobalSection
	GlobalSection(SolutionProperties) = preSolution
		HideSolutionNode = FALSE
	EndGlobalSection
	GlobalSection(ExtensibilityGlobals) = postSolution
		SolutionGuid = {B2E3C1A5-3708-4467-86AD-67B353846D3A}
	EndGlobalSection
EndGlobal
